
Microsoft Visual Studio Solution File, Format Version 12.00
# Visual Studio Version 16
VisualStudioVersion = 16.0.30223.230
MinimumVisualStudioVersion = 10.0.40219.1
Project("{FAE04EC0-301F-11D3-BF4B-00C04F79EFBC}") = "WebAPI", "WebAPI\WebAPI.csproj", "{2B421BCA-CA9B-4F8A-8C62-F82DA4CF731D}"
EndProject
Project("{FAE04EC0-301F-11D3-BF4B-00C04F79EFBC}") = "WebAPITests", "WebAPITests\WebAPITests.csproj", "{0142A859-F828-4102-9133-7A714A49C849}"
EndProject
Global
	GlobalSection(SolutionConfigurationPlatforms) = preSolution
		Debug|Any CPU = Debug|Any CPU
		Release|Any CPU = Release|Any CPU
	EndGlobalSection
	GlobalSection(ProjectConfigurationPlatforms) = postSolution
		{2B421BCA-CA9B-4F8A-8C62-F82DA4CF731D}.Debug|Any CPU.ActiveCfg = Debug|Any CPU
		{2B421BCA-CA9B-4F8A-8C62-F82DA4CF731D}.Debug|Any CPU.Build.0 = Debug|Any CPU
		{2B421BCA-CA9B-4F8A-8C62-F82DA4CF731D}.Release|Any CPU.ActiveCfg = Release|Any CPU
		{2B421BCA-CA9B-4F8A-8C62-F82DA4CF731D}.Release|Any CPU.Build.0 = Release|Any CPU
		{0142A859-F828-4102-9133-7A714A49C849}.Debug|Any CPU.ActiveCfg = Debug|Any CPU
		{0142A859-F828-4102-9133-7A714A49C849}.Debug|Any CPU.Build.0 = Debug|Any CPU
		{0142A859-F828-4102-9133-7A714A49C849}.Release|Any CPU.ActiveCfg = Release|Any CPU
		{0142A859-F828-4102-9133-7A714A49C849}.Release|Any CPU.Build.0 = Release|Any CPU
	EndGlobalSection
	GlobalSection(SolutionProperties) = preSolution
		HideSolutionNode = FALSE
	EndGlobalSection
	GlobalSection(ExtensibilityGlobals) = postSolution
		SolutionGuid = {51097CDE-6CF4-45B3-8ADB-3F7FB15D8D5F}
	EndGlobalSection
EndGlobal
